// !$*UTF8*$!
{
	archiveVersion = 1;
	classes = {
	};
	objectVersion = 48;
	objects = {

/* Begin PBXBuildFile section */
		1F42FE5E210A4E7A000050AA /* AppDelegate.swift in Sources */ = {isa = PBXBuildFile; fileRef = 1F42FE5D210A4E7A000050AA /* AppDelegate.swift */; };
		1F42FE65210A4E7A000050AA /* Main.storyboard in Resources */ = {isa = PBXBuildFile; fileRef = 1F42FE63210A4E7A000050AA /* Main.storyboard */; };
		1F42FE67210A4E7A000050AA /* Assets.xcassets in Resources */ = {isa = PBXBuildFile; fileRef = 1F42FE66210A4E7A000050AA /* Assets.xcassets */; };
		1F42FE6A210A4E7A000050AA /* LaunchScreen.storyboard in Resources */ = {isa = PBXBuildFile; fileRef = 1F42FE68210A4E7A000050AA /* LaunchScreen.storyboard */; };
		1F42FE72210A5176000050AA /* HomeVC.swift in Sources */ = {isa = PBXBuildFile; fileRef = 1F42FE71210A5176000050AA /* HomeVC.swift */; };
		1F42FE74210A5DF4000050AA /* QuorumNode.swift in Sources */ = {isa = PBXBuildFile; fileRef = 1F42FE73210A5DF4000050AA /* QuorumNode.swift */; };
		1F42FE79210A7EB6000050AA /* ValidatorCell.swift in Sources */ = {isa = PBXBuildFile; fileRef = 1F42FE78210A7EB6000050AA /* ValidatorCell.swift */; };
		1F42FE7B210A83E3000050AA /* ValidatorDetailVC.swift in Sources */ = {isa = PBXBuildFile; fileRef = 1F42FE7A210A83E3000050AA /* ValidatorDetailVC.swift */; };
		1F473AAE211A71C60028D59C /* QuorumMetricsVC.swift in Sources */ = {isa = PBXBuildFile; fileRef = 1F473AAD211A71C60028D59C /* QuorumMetricsVC.swift */; };
		1F473AB0211A72B60028D59C /* QuorumMetricsVC.storyboard in Resources */ = {isa = PBXBuildFile; fileRef = 1F473AAF211A72B60028D59C /* QuorumMetricsVC.storyboard */; };
		1F473AB4211A77810028D59C /* ValidatorsVC.storyboard in Resources */ = {isa = PBXBuildFile; fileRef = 1F473AB3211A77800028D59C /* ValidatorsVC.storyboard */; };
		1F5714CE21240EDD00C5CFE3 /* Cluster.swift in Sources */ = {isa = PBXBuildFile; fileRef = 1F5714CD21240EDD00C5CFE3 /* Cluster.swift */; };
		1F80518221238CF1006E4679 /* ClusterVC.swift in Sources */ = {isa = PBXBuildFile; fileRef = 1F80518121238CF1006E4679 /* ClusterVC.swift */; };
		1F80518421238CFF006E4679 /* ClusterVC.storyboard in Resources */ = {isa = PBXBuildFile; fileRef = 1F80518321238CFF006E4679 /* ClusterVC.storyboard */; };
		1FAF1EA4211B7AA100265F91 /* InfoVC.swift in Sources */ = {isa = PBXBuildFile; fileRef = 1FAF1EA3211B7AA100265F91 /* InfoVC.swift */; };
		1FAF1EA6211B7AAE00265F91 /* InfoVC.storyboard in Resources */ = {isa = PBXBuildFile; fileRef = 1FAF1EA5211B7AAE00265F91 /* InfoVC.storyboard */; };
		1FB8D061210FB04700B75F04 /* QuorumVC.swift in Sources */ = {isa = PBXBuildFile; fileRef = 1FB8D060210FB04700B75F04 /* QuorumVC.swift */; };
		1FB8D063210FB15700B75F04 /* QuorumVC.storyboard in Resources */ = {isa = PBXBuildFile; fileRef = 1FB8D062210FB15700B75F04 /* QuorumVC.storyboard */; };
		1FB8D065210FB2F600B75F04 /* NodeView.swift in Sources */ = {isa = PBXBuildFile; fileRef = 1FB8D064210FB2F600B75F04 /* NodeView.swift */; };
		1FC3A48621127D2A005A0011 /* ValidatorsVC.swift in Sources */ = {isa = PBXBuildFile; fileRef = 1FC3A48521127D2A005A0011 /* ValidatorsVC.swift */; };
		1FCBA13B212479DC0061C176 /* ClusterView.swift in Sources */ = {isa = PBXBuildFile; fileRef = 1FCBA13A212479DC0061C176 /* ClusterView.swift */; };
		1FCBA13D2124B4070061C176 /* ClusterDetailVC.swift in Sources */ = {isa = PBXBuildFile; fileRef = 1FCBA13C2124B4070061C176 /* ClusterDetailVC.swift */; };
		1FCBA1412124BA7A0061C176 /* ValidatorCell.xib in Resources */ = {isa = PBXBuildFile; fileRef = 1FCBA1402124BA7A0061C176 /* ValidatorCell.xib */; };
		1FCD808A211D321500C768A4 /* MathVC.swift in Sources */ = {isa = PBXBuildFile; fileRef = 1FCD8089211D321500C768A4 /* MathVC.swift */; };
		1FCD808C211D322400C768A4 /* MathVC.storyboard in Resources */ = {isa = PBXBuildFile; fileRef = 1FCD808B211D322400C768A4 /* MathVC.storyboard */; };
		1FDD6B3221122CDB00F1FB9C /* Extensions.swift in Sources */ = {isa = PBXBuildFile; fileRef = 1FDD6B3121122CDB00F1FB9C /* Extensions.swift */; };
		1FDD6B3421122E2A00F1FB9C /* LinesOverlayView.swift in Sources */ = {isa = PBXBuildFile; fileRef = 1FDD6B3321122E2A00F1FB9C /* LinesOverlayView.swift */; };
		1FEC7E12210A93FF00BB2758 /* Validator.swift in Sources */ = {isa = PBXBuildFile; fileRef = 1FEC7E11210A93FF00BB2758 /* Validator.swift */; };
		55DD6A5B4E2C3369A720839D /* Pods_NodeStar.framework in Frameworks */ = {isa = PBXBuildFile; fileRef = 873D46F080E6CFDD824268E9 /* Pods_NodeStar.framework */; };
/* End PBXBuildFile section */

/* Begin PBXFileReference section */
		1F42FE5A210A4E7A000050AA /* NodeStar.app */ = {isa = PBXFileReference; explicitFileType = wrapper.application; includeInIndex = 0; path = NodeStar.app; sourceTree = BUILT_PRODUCTS_DIR; };
		1F42FE5D210A4E7A000050AA /* AppDelegate.swift */ = {isa = PBXFileReference; lastKnownFileType = sourcecode.swift; path = AppDelegate.swift; sourceTree = "<group>"; };
		1F42FE64210A4E7A000050AA /* Base */ = {isa = PBXFileReference; lastKnownFileType = file.storyboard; name = Base; path = Base.lproj/Main.storyboard; sourceTree = "<group>"; };
		1F42FE66210A4E7A000050AA /* Assets.xcassets */ = {isa = PBXFileReference; lastKnownFileType = folder.assetcatalog; path = Assets.xcassets; sourceTree = "<group>"; };
		1F42FE69210A4E7A000050AA /* Base */ = {isa = PBXFileReference; lastKnownFileType = file.storyboard; name = Base; path = Base.lproj/LaunchScreen.storyboard; sourceTree = "<group>"; };
		1F42FE6B210A4E7A000050AA /* Info.plist */ = {isa = PBXFileReference; lastKnownFileType = text.plist.xml; path = Info.plist; sourceTree = "<group>"; };
		1F42FE71210A5176000050AA /* HomeVC.swift */ = {isa = PBXFileReference; lastKnownFileType = sourcecode.swift; path = HomeVC.swift; sourceTree = "<group>"; };
		1F42FE73210A5DF4000050AA /* QuorumNode.swift */ = {isa = PBXFileReference; lastKnownFileType = sourcecode.swift; path = QuorumNode.swift; sourceTree = "<group>"; };
		1F42FE78210A7EB6000050AA /* ValidatorCell.swift */ = {isa = PBXFileReference; lastKnownFileType = sourcecode.swift; path = ValidatorCell.swift; sourceTree = "<group>"; };
		1F42FE7A210A83E3000050AA /* ValidatorDetailVC.swift */ = {isa = PBXFileReference; lastKnownFileType = sourcecode.swift; path = ValidatorDetailVC.swift; sourceTree = "<group>"; };
		1F473AAD211A71C60028D59C /* QuorumMetricsVC.swift */ = {isa = PBXFileReference; lastKnownFileType = sourcecode.swift; path = QuorumMetricsVC.swift; sourceTree = "<group>"; };
		1F473AAF211A72B60028D59C /* QuorumMetricsVC.storyboard */ = {isa = PBXFileReference; lastKnownFileType = file.storyboard; path = QuorumMetricsVC.storyboard; sourceTree = "<group>"; };
		1F473AB3211A77800028D59C /* ValidatorsVC.storyboard */ = {isa = PBXFileReference; lastKnownFileType = file.storyboard; path = ValidatorsVC.storyboard; sourceTree = "<group>"; };
		1F5714CD21240EDD00C5CFE3 /* Cluster.swift */ = {isa = PBXFileReference; lastKnownFileType = sourcecode.swift; path = Cluster.swift; sourceTree = "<group>"; };
		1F80518121238CF1006E4679 /* ClusterVC.swift */ = {isa = PBXFileReference; lastKnownFileType = sourcecode.swift; path = ClusterVC.swift; sourceTree = "<group>"; };
		1F80518321238CFF006E4679 /* ClusterVC.storyboard */ = {isa = PBXFileReference; lastKnownFileType = file.storyboard; path = ClusterVC.storyboard; sourceTree = "<group>"; };
		1FAF1EA3211B7AA100265F91 /* InfoVC.swift */ = {isa = PBXFileReference; lastKnownFileType = sourcecode.swift; path = InfoVC.swift; sourceTree = "<group>"; };
		1FAF1EA5211B7AAE00265F91 /* InfoVC.storyboard */ = {isa = PBXFileReference; lastKnownFileType = file.storyboard; path = InfoVC.storyboard; sourceTree = "<group>"; };
		1FB8D060210FB04700B75F04 /* QuorumVC.swift */ = {isa = PBXFileReference; lastKnownFileType = sourcecode.swift; path = QuorumVC.swift; sourceTree = "<group>"; };
		1FB8D062210FB15700B75F04 /* QuorumVC.storyboard */ = {isa = PBXFileReference; lastKnownFileType = file.storyboard; path = QuorumVC.storyboard; sourceTree = "<group>"; };
		1FB8D064210FB2F600B75F04 /* NodeView.swift */ = {isa = PBXFileReference; lastKnownFileType = sourcecode.swift; path = NodeView.swift; sourceTree = "<group>"; };
		1FC3A48521127D2A005A0011 /* ValidatorsVC.swift */ = {isa = PBXFileReference; lastKnownFileType = sourcecode.swift; path = ValidatorsVC.swift; sourceTree = "<group>"; };
		1FCBA13A212479DC0061C176 /* ClusterView.swift */ = {isa = PBXFileReference; lastKnownFileType = sourcecode.swift; path = ClusterView.swift; sourceTree = "<group>"; };
		1FCBA13C2124B4070061C176 /* ClusterDetailVC.swift */ = {isa = PBXFileReference; lastKnownFileType = sourcecode.swift; path = ClusterDetailVC.swift; sourceTree = "<group>"; };
		1FCBA1402124BA7A0061C176 /* ValidatorCell.xib */ = {isa = PBXFileReference; lastKnownFileType = file.xib; path = ValidatorCell.xib; sourceTree = "<group>"; };
		1FCD8089211D321500C768A4 /* MathVC.swift */ = {isa = PBXFileReference; lastKnownFileType = sourcecode.swift; path = MathVC.swift; sourceTree = "<group>"; };
		1FCD808B211D322400C768A4 /* MathVC.storyboard */ = {isa = PBXFileReference; lastKnownFileType = file.storyboard; path = MathVC.storyboard; sourceTree = "<group>"; };
		1FDD6B3121122CDB00F1FB9C /* Extensions.swift */ = {isa = PBXFileReference; lastKnownFileType = sourcecode.swift; path = Extensions.swift; sourceTree = "<group>"; };
		1FDD6B3321122E2A00F1FB9C /* LinesOverlayView.swift */ = {isa = PBXFileReference; lastKnownFileType = sourcecode.swift; path = LinesOverlayView.swift; sourceTree = "<group>"; };
		1FEC7E11210A93FF00BB2758 /* Validator.swift */ = {isa = PBXFileReference; lastKnownFileType = sourcecode.swift; path = Validator.swift; sourceTree = "<group>"; };
		29DA4391E07257DD4AA369F0 /* Pods-NodeStar.release.xcconfig */ = {isa = PBXFileReference; includeInIndex = 1; lastKnownFileType = text.xcconfig; name = "Pods-NodeStar.release.xcconfig"; path = "Pods/Target Support Files/Pods-NodeStar/Pods-NodeStar.release.xcconfig"; sourceTree = "<group>"; };
		444602A633AB6F1E11E5BD6E /* Pods-NodeStar.debug.xcconfig */ = {isa = PBXFileReference; includeInIndex = 1; lastKnownFileType = text.xcconfig; name = "Pods-NodeStar.debug.xcconfig"; path = "Pods/Target Support Files/Pods-NodeStar/Pods-NodeStar.debug.xcconfig"; sourceTree = "<group>"; };
		873D46F080E6CFDD824268E9 /* Pods_NodeStar.framework */ = {isa = PBXFileReference; explicitFileType = wrapper.framework; includeInIndex = 0; path = Pods_NodeStar.framework; sourceTree = BUILT_PRODUCTS_DIR; };
/* End PBXFileReference section */

/* Begin PBXFrameworksBuildPhase section */
		1F42FE57210A4E7A000050AA /* Frameworks */ = {
			isa = PBXFrameworksBuildPhase;
			buildActionMask = 2147483647;
			files = (
				55DD6A5B4E2C3369A720839D /* Pods_NodeStar.framework in Frameworks */,
			);
			runOnlyForDeploymentPostprocessing = 0;
		};
/* End PBXFrameworksBuildPhase section */

/* Begin PBXGroup section */
		1F42FE51210A4E7A000050AA = {
			isa = PBXGroup;
			children = (
				1F42FE5C210A4E7A000050AA /* NodeStar */,
				1F42FE5B210A4E7A000050AA /* Products */,
				FDA84691E29378B14AA6217D /* Pods */,
				FD4E3033AB1370383C6A3D0B /* Frameworks */,
			);
			sourceTree = "<group>";
		};
		1F42FE5B210A4E7A000050AA /* Products */ = {
			isa = PBXGroup;
			children = (
				1F42FE5A210A4E7A000050AA /* NodeStar.app */,
			);
			name = Products;
			sourceTree = "<group>";
		};
		1F42FE5C210A4E7A000050AA /* NodeStar */ = {
			isa = PBXGroup;
			children = (
				1F42FE76210A5E15000050AA /* Main */,
				1F42FE75210A5E03000050AA /* Models */,
				1F42FE77210A5E32000050AA /* UI */,
				1F42FE6B210A4E7A000050AA /* Info.plist */,
			);
			path = NodeStar;
			sourceTree = "<group>";
		};
		1F42FE75210A5E03000050AA /* Models */ = {
			isa = PBXGroup;
			children = (
				1F42FE73210A5DF4000050AA /* QuorumNode.swift */,
				1FEC7E11210A93FF00BB2758 /* Validator.swift */,
				1F5714CD21240EDD00C5CFE3 /* Cluster.swift */,
			);
			path = Models;
			sourceTree = "<group>";
		};
		1F42FE76210A5E15000050AA /* Main */ = {
			isa = PBXGroup;
			children = (
				1F42FE5D210A4E7A000050AA /* AppDelegate.swift */,
				1FDD6B3121122CDB00F1FB9C /* Extensions.swift */,
				1F42FE68210A4E7A000050AA /* LaunchScreen.storyboard */,
				1F42FE66210A4E7A000050AA /* Assets.xcassets */,
			);
			path = Main;
			sourceTree = "<group>";
		};
		1F42FE77210A5E32000050AA /* UI */ = {
			isa = PBXGroup;
			children = (
				1F473AB5211A7BCB0028D59C /* Home */,
				1F473AB6211A7BD80028D59C /* Validators */,
				1F473AB7211A7BEA0028D59C /* Quorum */,
			);
			path = UI;
			sourceTree = "<group>";
		};
		1F473AB5211A7BCB0028D59C /* Home */ = {
			isa = PBXGroup;
			children = (
				1F42FE71210A5176000050AA /* HomeVC.swift */,
				1F42FE63210A4E7A000050AA /* Main.storyboard */,
				1FAF1EA3211B7AA100265F91 /* InfoVC.swift */,
				1FAF1EA5211B7AAE00265F91 /* InfoVC.storyboard */,
				1FCD8089211D321500C768A4 /* MathVC.swift */,
				1FCD808B211D322400C768A4 /* MathVC.storyboard */,
			);
			path = Home;
			sourceTree = "<group>";
		};
		1F473AB6211A7BD80028D59C /* Validators */ = {
			isa = PBXGroup;
			children = (
				1FC3A48521127D2A005A0011 /* ValidatorsVC.swift */,
				1F473AB3211A77800028D59C /* ValidatorsVC.storyboard */,
				1F42FE78210A7EB6000050AA /* ValidatorCell.swift */,
				1FCBA1402124BA7A0061C176 /* ValidatorCell.xib */,
				1F42FE7A210A83E3000050AA /* ValidatorDetailVC.swift */,
			);
			path = Validators;
			sourceTree = "<group>";
		};
		1F473AB7211A7BEA0028D59C /* Quorum */ = {
			isa = PBXGroup;
			children = (
				1FB8D060210FB04700B75F04 /* QuorumVC.swift */,
				1FB8D062210FB15700B75F04 /* QuorumVC.storyboard */,
				1FB8D064210FB2F600B75F04 /* NodeView.swift */,
				1FDD6B3321122E2A00F1FB9C /* LinesOverlayView.swift */,
				1F473AAD211A71C60028D59C /* QuorumMetricsVC.swift */,
				1F473AAF211A72B60028D59C /* QuorumMetricsVC.storyboard */,
				1F80518121238CF1006E4679 /* ClusterVC.swift */,
				1F80518321238CFF006E4679 /* ClusterVC.storyboard */,
				1FCBA13A212479DC0061C176 /* ClusterView.swift */,
				1FCBA13C2124B4070061C176 /* ClusterDetailVC.swift */,
			);
			path = Quorum;
			sourceTree = "<group>";
		};
		FD4E3033AB1370383C6A3D0B /* Frameworks */ = {
			isa = PBXGroup;
			children = (
				873D46F080E6CFDD824268E9 /* Pods_NodeStar.framework */,
			);
			name = Frameworks;
			sourceTree = "<group>";
		};
		FDA84691E29378B14AA6217D /* Pods */ = {
			isa = PBXGroup;
			children = (
				444602A633AB6F1E11E5BD6E /* Pods-NodeStar.debug.xcconfig */,
				29DA4391E07257DD4AA369F0 /* Pods-NodeStar.release.xcconfig */,
			);
			name = Pods;
			sourceTree = "<group>";
		};
/* End PBXGroup section */

/* Begin PBXNativeTarget section */
		1F42FE59210A4E7A000050AA /* NodeStar */ = {
			isa = PBXNativeTarget;
			buildConfigurationList = 1F42FE6E210A4E7A000050AA /* Build configuration list for PBXNativeTarget "NodeStar" */;
			buildPhases = (
				A3DB16F219979AE538F6FD1D /* [CP] Check Pods Manifest.lock */,
				1F42FE56210A4E7A000050AA /* Sources */,
				1F42FE57210A4E7A000050AA /* Frameworks */,
				1F42FE58210A4E7A000050AA /* Resources */,
				CEDC0883A71DA1A9108ED561 /* [CP] Embed Pods Frameworks */,
			);
			buildRules = (
			);
			dependencies = (
			);
			name = NodeStar;
			productName = NodeStar;
			productReference = 1F42FE5A210A4E7A000050AA /* NodeStar.app */;
			productType = "com.apple.product-type.application";
		};
/* End PBXNativeTarget section */

/* Begin PBXProject section */
		1F42FE52210A4E7A000050AA /* Project object */ = {
			isa = PBXProject;
			attributes = {
				LastSwiftUpdateCheck = 0910;
				LastUpgradeCheck = 0940;
				ORGANIZATIONNAME = "Foundero Inc";
				TargetAttributes = {
					1F42FE59210A4E7A000050AA = {
						CreatedOnToolsVersion = 9.1;
						ProvisioningStyle = Automatic;
						SystemCapabilities = {
							com.apple.Push = {
								enabled = 0;
							};
						};
					};
				};
			};
			buildConfigurationList = 1F42FE55210A4E7A000050AA /* Build configuration list for PBXProject "NodeStar" */;
			compatibilityVersion = "Xcode 8.0";
			developmentRegion = en;
			hasScannedForEncodings = 0;
			knownRegions = (
				en,
				Base,
			);
			mainGroup = 1F42FE51210A4E7A000050AA;
			productRefGroup = 1F42FE5B210A4E7A000050AA /* Products */;
			projectDirPath = "";
			projectRoot = "";
			targets = (
				1F42FE59210A4E7A000050AA /* NodeStar */,
			);
		};
/* End PBXProject section */

/* Begin PBXResourcesBuildPhase section */
		1F42FE58210A4E7A000050AA /* Resources */ = {
			isa = PBXResourcesBuildPhase;
			buildActionMask = 2147483647;
			files = (
				1FB8D063210FB15700B75F04 /* QuorumVC.storyboard in Resources */,
				1FCBA1412124BA7A0061C176 /* ValidatorCell.xib in Resources */,
				1F42FE6A210A4E7A000050AA /* LaunchScreen.storyboard in Resources */,
				1F42FE67210A4E7A000050AA /* Assets.xcassets in Resources */,
				1F473AB0211A72B60028D59C /* QuorumMetricsVC.storyboard in Resources */,
				1FCD808C211D322400C768A4 /* MathVC.storyboard in Resources */,
				1F473AB4211A77810028D59C /* ValidatorsVC.storyboard in Resources */,
				1FAF1EA6211B7AAE00265F91 /* InfoVC.storyboard in Resources */,
				1F42FE65210A4E7A000050AA /* Main.storyboard in Resources */,
				1F80518421238CFF006E4679 /* ClusterVC.storyboard in Resources */,
			);
			runOnlyForDeploymentPostprocessing = 0;
		};
/* End PBXResourcesBuildPhase section */

/* Begin PBXShellScriptBuildPhase section */
		A3DB16F219979AE538F6FD1D /* [CP] Check Pods Manifest.lock */ = {
			isa = PBXShellScriptBuildPhase;
			buildActionMask = 2147483647;
			files = (
			);
			inputPaths = (
				"${PODS_PODFILE_DIR_PATH}/Podfile.lock",
				"${PODS_ROOT}/Manifest.lock",
			);
			name = "[CP] Check Pods Manifest.lock";
			outputPaths = (
				"$(DERIVED_FILE_DIR)/Pods-NodeStar-checkManifestLockResult.txt",
			);
			runOnlyForDeploymentPostprocessing = 0;
			shellPath = /bin/sh;
			shellScript = "diff \"${PODS_PODFILE_DIR_PATH}/Podfile.lock\" \"${PODS_ROOT}/Manifest.lock\" > /dev/null\nif [ $? != 0 ] ; then\n    # print error to STDERR\n    echo \"error: The sandbox is not in sync with the Podfile.lock. Run 'pod install' or update your CocoaPods installation.\" >&2\n    exit 1\nfi\n# This output is used by Xcode 'outputs' to avoid re-running this script phase.\necho \"SUCCESS\" > \"${SCRIPT_OUTPUT_FILE_0}\"\n";
			showEnvVarsInLog = 0;
		};
		CEDC0883A71DA1A9108ED561 /* [CP] Embed Pods Frameworks */ = {
			isa = PBXShellScriptBuildPhase;
			buildActionMask = 2147483647;
			files = (
			);
			inputPaths = (
				"${SRCROOT}/Pods/Target Support Files/Pods-NodeStar/Pods-NodeStar-frameworks.sh",
				"${BUILT_PRODUCTS_DIR}/Charts/Charts.framework",
				"${BUILT_PRODUCTS_DIR}/FittableFontLabel/FittableFontLabel.framework",
			);
			name = "[CP] Embed Pods Frameworks";
			outputPaths = (
				"${TARGET_BUILD_DIR}/${FRAMEWORKS_FOLDER_PATH}/Charts.framework",
				"${TARGET_BUILD_DIR}/${FRAMEWORKS_FOLDER_PATH}/FittableFontLabel.framework",
			);
			runOnlyForDeploymentPostprocessing = 0;
			shellPath = /bin/sh;
			shellScript = "\"${SRCROOT}/Pods/Target Support Files/Pods-NodeStar/Pods-NodeStar-frameworks.sh\"\n";
			showEnvVarsInLog = 0;
		};
/* End PBXShellScriptBuildPhase section */

/* Begin PBXSourcesBuildPhase section */
		1F42FE56210A4E7A000050AA /* Sources */ = {
			isa = PBXSourcesBuildPhase;
			buildActionMask = 2147483647;
			files = (
				1FCBA13B212479DC0061C176 /* ClusterView.swift in Sources */,
				1FEC7E12210A93FF00BB2758 /* Validator.swift in Sources */,
				1FDD6B3221122CDB00F1FB9C /* Extensions.swift in Sources */,
				1F42FE74210A5DF4000050AA /* QuorumNode.swift in Sources */,
				1F80518221238CF1006E4679 /* ClusterVC.swift in Sources */,
				1FB8D065210FB2F600B75F04 /* NodeView.swift in Sources */,
				1F42FE72210A5176000050AA /* HomeVC.swift in Sources */,
				1F473AAE211A71C60028D59C /* QuorumMetricsVC.swift in Sources */,
				1FCBA13D2124B4070061C176 /* ClusterDetailVC.swift in Sources */,
				1FC3A48621127D2A005A0011 /* ValidatorsVC.swift in Sources */,
				1F42FE5E210A4E7A000050AA /* AppDelegate.swift in Sources */,
				1FCD808A211D321500C768A4 /* MathVC.swift in Sources */,
				1F5714CE21240EDD00C5CFE3 /* Cluster.swift in Sources */,
				1F42FE7B210A83E3000050AA /* ValidatorDetailVC.swift in Sources */,
				1FDD6B3421122E2A00F1FB9C /* LinesOverlayView.swift in Sources */,
				1FB8D061210FB04700B75F04 /* QuorumVC.swift in Sources */,
				1FAF1EA4211B7AA100265F91 /* InfoVC.swift in Sources */,
				1F42FE79210A7EB6000050AA /* ValidatorCell.swift in Sources */,
			);
			runOnlyForDeploymentPostprocessing = 0;
		};
/* End PBXSourcesBuildPhase section */

/* Begin PBXVariantGroup section */
		1F42FE63210A4E7A000050AA /* Main.storyboard */ = {
			isa = PBXVariantGroup;
			children = (
				1F42FE64210A4E7A000050AA /* Base */,
			);
			name = Main.storyboard;
			sourceTree = "<group>";
		};
		1F42FE68210A4E7A000050AA /* LaunchScreen.storyboard */ = {
			isa = PBXVariantGroup;
			children = (
				1F42FE69210A4E7A000050AA /* Base */,
			);
			name = LaunchScreen.storyboard;
			sourceTree = "<group>";
		};
/* End PBXVariantGroup section */

/* Begin XCBuildConfiguration section */
		1F42FE6C210A4E7A000050AA /* Debug */ = {
			isa = XCBuildConfiguration;
			buildSettings = {
				ALWAYS_SEARCH_USER_PATHS = NO;
				CLANG_ANALYZER_NONNULL = YES;
				CLANG_ANALYZER_NUMBER_OBJECT_CONVERSION = YES_AGGRESSIVE;
				CLANG_CXX_LANGUAGE_STANDARD = "gnu++14";
				CLANG_CXX_LIBRARY = "libc++";
				CLANG_ENABLE_MODULES = YES;
				CLANG_ENABLE_OBJC_ARC = YES;
				CLANG_WARN_BLOCK_CAPTURE_AUTORELEASING = YES;
				CLANG_WARN_BOOL_CONVERSION = YES;
				CLANG_WARN_COMMA = YES;
				CLANG_WARN_CONSTANT_CONVERSION = YES;
				CLANG_WARN_DEPRECATED_OBJC_IMPLEMENTATIONS = YES;
				CLANG_WARN_DIRECT_OBJC_ISA_USAGE = YES_ERROR;
				CLANG_WARN_DOCUMENTATION_COMMENTS = YES;
				CLANG_WARN_EMPTY_BODY = YES;
				CLANG_WARN_ENUM_CONVERSION = YES;
				CLANG_WARN_INFINITE_RECURSION = YES;
				CLANG_WARN_INT_CONVERSION = YES;
				CLANG_WARN_NON_LITERAL_NULL_CONVERSION = YES;
				CLANG_WARN_OBJC_IMPLICIT_RETAIN_SELF = YES;
				CLANG_WARN_OBJC_LITERAL_CONVERSION = YES;
				CLANG_WARN_OBJC_ROOT_CLASS = YES_ERROR;
				CLANG_WARN_RANGE_LOOP_ANALYSIS = YES;
				CLANG_WARN_STRICT_PROTOTYPES = YES;
				CLANG_WARN_SUSPICIOUS_MOVE = YES;
				CLANG_WARN_UNGUARDED_AVAILABILITY = YES_AGGRESSIVE;
				CLANG_WARN_UNREACHABLE_CODE = YES;
				CLANG_WARN__DUPLICATE_METHOD_MATCH = YES;
				COPY_PHASE_STRIP = NO;
				DEBUG_INFORMATION_FORMAT = dwarf;
				ENABLE_STRICT_OBJC_MSGSEND = YES;
				ENABLE_TESTABILITY = YES;
				GCC_C_LANGUAGE_STANDARD = gnu11;
				GCC_DYNAMIC_NO_PIC = NO;
				GCC_NO_COMMON_BLOCKS = YES;
				GCC_OPTIMIZATION_LEVEL = 0;
				GCC_PREPROCESSOR_DEFINITIONS = (
					"DEBUG=1",
					"$(inherited)",
				);
				GCC_WARN_64_TO_32_BIT_CONVERSION = YES;
				GCC_WARN_ABOUT_RETURN_TYPE = YES_ERROR;
				GCC_WARN_UNDECLARED_SELECTOR = YES;
				GCC_WARN_UNINITIALIZED_AUTOS = YES_AGGRESSIVE;
				GCC_WARN_UNUSED_FUNCTION = YES;
				GCC_WARN_UNUSED_VARIABLE = YES;
				IPHONEOS_DEPLOYMENT_TARGET = 11.0;
				MTL_ENABLE_DEBUG_INFO = YES;
				ONLY_ACTIVE_ARCH = YES;
				SDKROOT = iphoneos;
				SWIFT_ACTIVE_COMPILATION_CONDITIONS = DEBUG;
				SWIFT_OPTIMIZATION_LEVEL = "-Onone";
			};
			name = Debug;
		};
		1F42FE6D210A4E7A000050AA /* Release */ = {
			isa = XCBuildConfiguration;
			buildSettings = {
				ALWAYS_SEARCH_USER_PATHS = NO;
				CLANG_ANALYZER_NONNULL = YES;
				CLANG_ANALYZER_NUMBER_OBJECT_CONVERSION = YES_AGGRESSIVE;
				CLANG_CXX_LANGUAGE_STANDARD = "gnu++14";
				CLANG_CXX_LIBRARY = "libc++";
				CLANG_ENABLE_MODULES = YES;
				CLANG_ENABLE_OBJC_ARC = YES;
				CLANG_WARN_BLOCK_CAPTURE_AUTORELEASING = YES;
				CLANG_WARN_BOOL_CONVERSION = YES;
				CLANG_WARN_COMMA = YES;
				CLANG_WARN_CONSTANT_CONVERSION = YES;
				CLANG_WARN_DEPRECATED_OBJC_IMPLEMENTATIONS = YES;
				CLANG_WARN_DIRECT_OBJC_ISA_USAGE = YES_ERROR;
				CLANG_WARN_DOCUMENTATION_COMMENTS = YES;
				CLANG_WARN_EMPTY_BODY = YES;
				CLANG_WARN_ENUM_CONVERSION = YES;
				CLANG_WARN_INFINITE_RECURSION = YES;
				CLANG_WARN_INT_CONVERSION = YES;
				CLANG_WARN_NON_LITERAL_NULL_CONVERSION = YES;
				CLANG_WARN_OBJC_IMPLICIT_RETAIN_SELF = YES;
				CLANG_WARN_OBJC_LITERAL_CONVERSION = YES;
				CLANG_WARN_OBJC_ROOT_CLASS = YES_ERROR;
				CLANG_WARN_RANGE_LOOP_ANALYSIS = YES;
				CLANG_WARN_STRICT_PROTOTYPES = YES;
				CLANG_WARN_SUSPICIOUS_MOVE = YES;
				CLANG_WARN_UNGUARDED_AVAILABILITY = YES_AGGRESSIVE;
				CLANG_WARN_UNREACHABLE_CODE = YES;
				CLANG_WARN__DUPLICATE_METHOD_MATCH = YES;
				COPY_PHASE_STRIP = NO;
				DEBUG_INFORMATION_FORMAT = "dwarf-with-dsym";
				ENABLE_NS_ASSERTIONS = NO;
				ENABLE_STRICT_OBJC_MSGSEND = YES;
				GCC_C_LANGUAGE_STANDARD = gnu11;
				GCC_NO_COMMON_BLOCKS = YES;
				GCC_WARN_64_TO_32_BIT_CONVERSION = YES;
				GCC_WARN_ABOUT_RETURN_TYPE = YES_ERROR;
				GCC_WARN_UNDECLARED_SELECTOR = YES;
				GCC_WARN_UNINITIALIZED_AUTOS = YES_AGGRESSIVE;
				GCC_WARN_UNUSED_FUNCTION = YES;
				GCC_WARN_UNUSED_VARIABLE = YES;
				IPHONEOS_DEPLOYMENT_TARGET = 11.0;
				MTL_ENABLE_DEBUG_INFO = NO;
				SDKROOT = iphoneos;
				SWIFT_OPTIMIZATION_LEVEL = "-Owholemodule";
				VALIDATE_PRODUCT = YES;
			};
			name = Release;
		};
		1F42FE6F210A4E7A000050AA /* Debug */ = {
			isa = XCBuildConfiguration;
			baseConfigurationReference = 444602A633AB6F1E11E5BD6E /* Pods-NodeStar.debug.xcconfig */;
			buildSettings = {
				ASSETCATALOG_COMPILER_APPICON_NAME = AppIcon;
				CODE_SIGN_IDENTITY = "iPhone Developer";
				CODE_SIGN_STYLE = Automatic;
				DEVELOPMENT_TEAM = JGPDQTPKUT;
				INFOPLIST_FILE = NodeStar/Info.plist;
				LD_RUNPATH_SEARCH_PATHS = "$(inherited) @executable_path/Frameworks";
				PRODUCT_BUNDLE_IDENTIFIER = com.foundero.NodeStar;
				PRODUCT_NAME = "$(TARGET_NAME)";
				PROVISIONING_PROFILE_SPECIFIER = "";
				SWIFT_VERSION = 4.0;
				TARGETED_DEVICE_FAMILY = "1,2";
			};
			name = Debug;
		};
		1F42FE70210A4E7A000050AA /* Release */ = {
			isa = XCBuildConfiguration;
			baseConfigurationReference = 29DA4391E07257DD4AA369F0 /* Pods-NodeStar.release.xcconfig */;
			buildSettings = {
				ASSETCATALOG_COMPILER_APPICON_NAME = AppIcon;
				CODE_SIGN_IDENTITY = "iPhone Developer";
				CODE_SIGN_STYLE = Automatic;
				DEVELOPMENT_TEAM = JGPDQTPKUT;
				INFOPLIST_FILE = NodeStar/Info.plist;
				LD_RUNPATH_SEARCH_PATHS = "$(inherited) @executable_path/Frameworks";
				PRODUCT_BUNDLE_IDENTIFIER = com.foundero.NodeStar;
				PRODUCT_NAME = "$(TARGET_NAME)";
				PROVISIONING_PROFILE_SPECIFIER = "";
				SWIFT_VERSION = 4.0;
				TARGETED_DEVICE_FAMILY = "1,2";
			};
			name = Release;
		};
/* End XCBuildConfiguration section */

/* Begin XCConfigurationList section */
		1F42FE55210A4E7A000050AA /* Build configuration list for PBXProject "NodeStar" */ = {
			isa = XCConfigurationList;
			buildConfigurations = (
				1F42FE6C210A4E7A000050AA /* Debug */,
				1F42FE6D210A4E7A000050AA /* Release */,
			);
			defaultConfigurationIsVisible = 0;
			defaultConfigurationName = Release;
		};
		1F42FE6E210A4E7A000050AA /* Build configuration list for PBXNativeTarget "NodeStar" */ = {
			isa = XCConfigurationList;
			buildConfigurations = (
				1F42FE6F210A4E7A000050AA /* Debug */,
				1F42FE70210A4E7A000050AA /* Release */,
			);
			defaultConfigurationIsVisible = 0;
			defaultConfigurationName = Release;
		};
/* End XCConfigurationList section */
	};
	rootObject = 1F42FE52210A4E7A000050AA /* Project object */;
}
